
Microsoft Visual Studio Solution File, Format Version 12.00
# Visual Studio Version 16
VisualStudioVersion = 16.0.31005.135
MinimumVisualStudioVersion = 10.0.40219.1
Project("{FAE04EC0-301F-11D3-BF4B-00C04F79EFBC}") = "Simple Calculator", "Simple Calculator.csproj", "{E4727037-78DC-4149-9971-874AD580CDAE}"
EndProject
Project("{FAE04EC0-301F-11D3-BF4B-00C04F79EFBC}") = "SimpleCalculator.Test.Unit", "..\SimpleCalculator.Test.Unit\SimpleCalculator.Test.Unit.csproj", "{FCA58196-CCE1-4F1D-8FFA-49ACF9E8A5F9}"
EndProject
Project("{FAE04EC0-301F-11D3-BF4B-00C04F79EFBC}") = "SimpleCalculator.Test.Unit1", "SimpleCalculator.Test.Unit1\SimpleCalculator.Test.Unit1.csproj", "{D35F7F3B-72DB-4932-9B4B-1CEDC20D00AB}"
EndProject
Global
	GlobalSection(SolutionConfigurationPlatforms) = preSolution
		Debug|Any CPU = Debug|Any CPU
		Release|Any CPU = Release|Any CPU
	EndGlobalSection
	GlobalSection(ProjectConfigurationPlatforms) = postSolution
		{E4727037-78DC-4149-9971-874AD580CDAE}.Debug|Any CPU.ActiveCfg = Debug|Any CPU
		{E4727037-78DC-4149-9971-874AD580CDAE}.Debug|Any CPU.Build.0 = Debug|Any CPU
		{E4727037-78DC-4149-9971-874AD580CDAE}.Release|Any CPU.ActiveCfg = Release|Any CPU
		{E4727037-78DC-4149-9971-874AD580CDAE}.Release|Any CPU.Build.0 = Release|Any CPU
		{FCA58196-CCE1-4F1D-8FFA-49ACF9E8A5F9}.Debug|Any CPU.ActiveCfg = Debug|Any CPU
		{FCA58196-CCE1-4F1D-8FFA-49ACF9E8A5F9}.Debug|Any CPU.Build.0 = Debug|Any CPU
		{FCA58196-CCE1-4F1D-8FFA-49ACF9E8A5F9}.Release|Any CPU.ActiveCfg = Release|Any CPU
		{FCA58196-CCE1-4F1D-8FFA-49ACF9E8A5F9}.Release|Any CPU.Build.0 = Release|Any CPU
		{D35F7F3B-72DB-4932-9B4B-1CEDC20D00AB}.Debug|Any CPU.ActiveCfg = Debug|Any CPU
		{D35F7F3B-72DB-4932-9B4B-1CEDC20D00AB}.Debug|Any CPU.Build.0 = Debug|Any CPU
		{D35F7F3B-72DB-4932-9B4B-1CEDC20D00AB}.Release|Any CPU.ActiveCfg = Release|Any CPU
		{D35F7F3B-72DB-4932-9B4B-1CEDC20D00AB}.Release|Any CPU.Build.0 = Release|Any CPU
	EndGlobalSection
	GlobalSection(SolutionProperties) = preSolution
		HideSolutionNode = FALSE
	EndGlobalSection
	GlobalSection(ExtensibilityGlobals) = postSolution
		SolutionGuid = {32514209-6557-4A92-ADAE-65D7AAC9F038}
	EndGlobalSection
EndGlobal
